# THIS IS AN AUTOGENERATED FILE. DO NOT EDIT THIS FILE DIRECTLY.
# yarn lockfile v1


"@most/prelude@^1.6.0":
  version "1.6.4"
  resolved "https://registry.yarnpkg.com/@most/prelude/-/prelude-1.6.4.tgz#254ab6e22c0d4e7cb19e6ec1c966b75f57317f25"

mostly-dom@4.3.0:
  version "4.3.0"
  resolved "https://registry.yarnpkg.com/mostly-dom/-/mostly-dom-4.3.0.tgz#6ff3188240923ae4112b68768b7b7d11661d718a"
  dependencies:
    "@most/prelude" "^1.6.0"

mostly-html@2.0.0:
  version "2.0.0"
  resolved "https://registry.yarnpkg.com/mostly-html/-/mostly-html-2.0.0.tgz#042320bad7a25c4c8a22b72aaaad9870e5b2c318"
  dependencies:
    mostly-dom "4.3.0"
