# THIS IS AN AUTOGENERATED FILE. DO NOT EDIT THIS FILE DIRECTLY.
# yarn lockfile v1


mostly-dom@5.0.0:
  version "5.0.0"
  resolved "https://registry.yarnpkg.com/mostly-dom/-/mostly-dom-5.0.0.tgz#818be849e80655275d59d97d87dd0bd439076ced"

mostly-html@3.0.0:
  version "3.0.0"
  resolved "https://registry.yarnpkg.com/mostly-html/-/mostly-html-3.0.0.tgz#b7ee4583c246a1fb770f177adec1239f06f8ef3d"
  dependencies:
    mostly-dom "5.0.0"
