{
	"requires": true,
	"lockfileVersion": 1,
	"dependencies": {
		"@typed/functions": {
			"version": "2.3.0",
			"resolved": "https://registry.npmjs.org/@typed/functions/-/functions-2.3.0.tgz",
			"integrity": "sha512-LkEgdwmTE63mf0lZw9iVkqgeumYPduqFLCNqz/anhEa6rsfrRDnrlA0E43ARTsXKxxBR+R7YKzLTJdgD1Sbz8w==",
			"requires": {
				"@typed/core": "2.1.0"
			},
			"dependencies": {
				"@typed/core": {
					"version": "2.1.0",
					"resolved": "https://registry.npmjs.org/@typed/core/-/core-2.1.0.tgz",
					"integrity": "sha512-HXwWLIT5TRI9J56uvYCrIr2vW5PVWzjWoMOmVritvKoLI3sD/8Gl/Zbt64Y+7H9SzSWVWjM4Ql4lpyS3D0rkCw=="
				}
			}
		}
	}
}
