# THIS IS AN AUTOGENERATED FILE. DO NOT EDIT THIS FILE DIRECTLY.
# yarn lockfile v1


"167@0.37.0":
  version "0.37.0"
  resolved "https://registry.yarnpkg.com/167/-/167-0.37.0.tgz#8cbe1589b2e9fa363eb7d128b3e46572c44a849b"

"@most/core@0.11.2":
  version "0.11.2"
  resolved "https://registry.yarnpkg.com/@most/core/-/core-0.11.2.tgz#6e3615fb4fc5a6a32cd35acb10a513a0e56df150"
  dependencies:
    "@most/disposable" "^0.11.0"
    "@most/prelude" "^1.6.2"
    "@most/scheduler" "^0.11.0"
    "@most/types" "^0.10.0"

"@most/core@0.11.4":
  version "0.11.4"
  resolved "https://registry.yarnpkg.com/@most/core/-/core-0.11.4.tgz#324147de4ac86320313a3d9240b30c5fced72d1b"
  dependencies:
    "@most/disposable" "^0.11.0"
    "@most/prelude" "^1.6.2"
    "@most/scheduler" "^0.11.0"
    "@most/types" "^0.10.0"

"@most/disposable@0.11.0", "@most/disposable@^0.11.0":
  version "0.11.0"
  resolved "https://registry.yarnpkg.com/@most/disposable/-/disposable-0.11.0.tgz#ad9d0d160d932a6881785f363083a44d8400cef5"
  dependencies:
    "@most/prelude" "^1.6.2"
    "@most/types" "^0.10.0"

"@most/prelude@^1.6.2":
  version "1.6.2"
  resolved "https://registry.yarnpkg.com/@most/prelude/-/prelude-1.6.2.tgz#e022db0a3522ea45a427f739570b99f6a6b49162"

"@most/scheduler@0.11.0", "@most/scheduler@^0.11.0":
  version "0.11.0"
  resolved "https://registry.yarnpkg.com/@most/scheduler/-/scheduler-0.11.0.tgz#0f67a0f097c9358e4308931e206c03a30f87faf4"
  dependencies:
    "@most/prelude" "^1.6.2"
    "@most/types" "^0.10.0"

"@most/types@^0.10.0":
  version "0.10.0"
  resolved "https://registry.yarnpkg.com/@most/types/-/types-0.10.0.tgz#5a60b581915349b210a13fed1563e9d06cba287f"

"@motorcycle/stream@1.4.0":
  version "1.4.0"
  resolved "https://registry.yarnpkg.com/@motorcycle/stream/-/stream-1.4.0.tgz#f58e2e675b3383049d3737d985eb737fed0dffa7"
  dependencies:
    "167" "0.37.0"
    "@most/core" "0.11.2"
    "@most/disposable" "0.11.0"
    "@most/scheduler" "0.11.0"
    "@motorcycle/types" "1.3.0"

"@motorcycle/types@1.3.0":
  version "1.3.0"
  resolved "https://registry.yarnpkg.com/@motorcycle/types/-/types-1.3.0.tgz#3a895f6dd601171ea3310211328b8045badae22b"
  dependencies:
    "@most/types" "^0.10.0"
