# THIS IS AN AUTOGENERATED FILE. DO NOT EDIT THIS FILE DIRECTLY.
# yarn lockfile v1


"@most/core@0.14.0":
  version "0.14.0"
  resolved "https://registry.yarnpkg.com/@most/core/-/core-0.14.0.tgz#d7434bceffca1a74fb8cd42a67356f70677b86c8"
  dependencies:
    "@most/disposable" "^0.13.1"
    "@most/prelude" "^1.6.4"
    "@most/scheduler" "^0.13.1"
    "@most/types" "^0.11.1"

"@most/core@1.2.0":
  version "1.2.0"
  resolved "https://registry.yarnpkg.com/@most/core/-/core-1.2.0.tgz#53dcc001563d29fe44416ca2e092199fd1c968b0"
  dependencies:
    "@most/disposable" "^1.1.0"
    "@most/prelude" "^1.7.0"
    "@most/scheduler" "^1.1.0"
    "@most/types" "^1.0.0"

"@most/disposable@0.13.1", "@most/disposable@^0.13.1":
  version "0.13.1"
  resolved "https://registry.yarnpkg.com/@most/disposable/-/disposable-0.13.1.tgz#9bfa07ebff9392c72afd0fc647dcd89a42d1d40c"
  dependencies:
    "@most/prelude" "^1.6.4"
    "@most/types" "^0.11.1"

"@most/disposable@^1.1.0":
  version "1.1.0"
  resolved "https://registry.yarnpkg.com/@most/disposable/-/disposable-1.1.0.tgz#44a8355b29e83e3e688bb8e6c7ac46dd9f747dd4"
  dependencies:
    "@most/prelude" "^1.7.0"
    "@most/types" "^1.0.0"

"@most/prelude@1.6.4", "@most/prelude@^1.6.4":
  version "1.6.4"
  resolved "https://registry.yarnpkg.com/@most/prelude/-/prelude-1.6.4.tgz#254ab6e22c0d4e7cb19e6ec1c966b75f57317f25"

"@most/prelude@^1.7.0":
  version "1.7.0"
  resolved "https://registry.yarnpkg.com/@most/prelude/-/prelude-1.7.0.tgz#0956ed464ad03e7fc95143eac0c6dd028498d975"

"@most/scheduler@0.13.1", "@most/scheduler@^0.13.1":
  version "0.13.1"
  resolved "https://registry.yarnpkg.com/@most/scheduler/-/scheduler-0.13.1.tgz#38b7cb13b81e16e3c3ef4964269d4aa9278e2e99"
  dependencies:
    "@most/prelude" "^1.6.4"
    "@most/types" "^0.11.1"

"@most/scheduler@^1.1.0":
  version "1.1.0"
  resolved "https://registry.yarnpkg.com/@most/scheduler/-/scheduler-1.1.0.tgz#36d6bf8d166a637c7c16eeb4fbe6946302b7a8c9"
  dependencies:
    "@most/prelude" "^1.7.0"
    "@most/types" "^1.0.0"

"@most/types@0.11.1", "@most/types@^0.11.1":
  version "0.11.1"
  resolved "https://registry.yarnpkg.com/@most/types/-/types-0.11.1.tgz#5e305e0e346c5b01f1ebdeec4c1dfa5b189b5f9d"

"@most/types@^1.0.0":
  version "1.0.0"
  resolved "https://registry.yarnpkg.com/@most/types/-/types-1.0.0.tgz#5c301d2437342a1b82e38463fdb94e1bafe2c6d9"

"@motorcycle/stream@3.0.0":
  version "3.0.0"
  resolved "https://registry.yarnpkg.com/@motorcycle/stream/-/stream-3.0.0.tgz#86f3cdb41ce699b0d463915830d446a3cf575d0d"
  dependencies:
    "@most/core" "0.14.0"
    "@most/disposable" "0.13.1"
    "@most/prelude" "1.6.4"
    "@most/scheduler" "0.13.1"
    "@motorcycle/types" "3.0.0"
    "@typed/prelude" "4.0.0"

"@motorcycle/types@3.0.0":
  version "3.0.0"
  resolved "https://registry.yarnpkg.com/@motorcycle/types/-/types-3.0.0.tgz#3f321bf22510ac64d04ce491316a9af853cbe0f4"
  dependencies:
    "@most/types" "0.11.1"

"@typed/core@2.1.0":
  version "2.1.0"
  resolved "https://registry.yarnpkg.com/@typed/core/-/core-2.1.0.tgz#9c0c303bbe83a9979464bd41d8e5e49073cde323"

"@typed/either@3.2.0":
  version "3.2.0"
  resolved "https://registry.yarnpkg.com/@typed/either/-/either-3.2.0.tgz#567768db8f2a5ec362fd21773007e986e765eb9b"
  dependencies:
    "@typed/core" "2.1.0"
    "@typed/functions" "2.2.0"

"@typed/functions@2.2.0":
  version "2.2.0"
  resolved "https://registry.yarnpkg.com/@typed/functions/-/functions-2.2.0.tgz#7831c8f2c41a51695b0a119ee26ceb0516bc6734"
  dependencies:
    "@typed/core" "2.1.0"

"@typed/lenses@2.2.0":
  version "2.2.0"
  resolved "https://registry.yarnpkg.com/@typed/lenses/-/lenses-2.2.0.tgz#0d6a9ec97d956f4dd797a9686f7b4bdb569b6af1"
  dependencies:
    "@typed/functions" "2.2.0"
    "@typed/maybe" "5.0.0"

"@typed/list@2.2.0":
  version "2.2.0"
  resolved "https://registry.yarnpkg.com/@typed/list/-/list-2.2.0.tgz#683f389c53808881b477184264b247a869f83bb7"
  dependencies:
    "@typed/core" "2.1.0"
    "@typed/functions" "2.2.0"
    "@typed/lenses" "2.2.0"
    "@typed/logic" "2.2.0"
    "@typed/maybe" "5.0.0"

"@typed/logic@2.2.0":
  version "2.2.0"
  resolved "https://registry.yarnpkg.com/@typed/logic/-/logic-2.2.0.tgz#10f87e1bbab32ff34d15fbb4ed23947c442bae1b"
  dependencies:
    "@typed/either" "3.2.0"
    "@typed/functions" "2.2.0"
    "@typed/maybe" "5.0.0"

"@typed/math@2.2.0":
  version "2.2.0"
  resolved "https://registry.yarnpkg.com/@typed/math/-/math-2.2.0.tgz#746332b7217e10137e5b657f06909350461d3577"
  dependencies:
    "@typed/core" "2.1.0"
    "@typed/functions" "2.2.0"
    "@typed/list" "2.2.0"
    "@typed/maybe" "5.0.0"

"@typed/maybe@5.0.0":
  version "5.0.0"
  resolved "https://registry.yarnpkg.com/@typed/maybe/-/maybe-5.0.0.tgz#381e6801d41ff63a7c1c4e6c5a9c7f7a50e93840"
  dependencies:
    "@typed/core" "2.1.0"
    "@typed/functions" "2.2.0"

"@typed/objects@2.2.0":
  version "2.2.0"
  resolved "https://registry.yarnpkg.com/@typed/objects/-/objects-2.2.0.tgz#cc489563767ef99ea63d617d273d8157db42a943"
  dependencies:
    "@typed/core" "2.1.0"
    "@typed/functions" "2.2.0"
    "@typed/lenses" "2.2.0"
    "@typed/logic" "2.2.0"
    "@typed/maybe" "5.0.0"

"@typed/prelude@4.0.0":
  version "4.0.0"
  resolved "https://registry.yarnpkg.com/@typed/prelude/-/prelude-4.0.0.tgz#68f8ad5418d5c4c737b2fabcce9df343fc9d2bed"
  dependencies:
    "@typed/core" "2.1.0"
    "@typed/either" "3.2.0"
    "@typed/functions" "2.2.0"
    "@typed/lenses" "2.2.0"
    "@typed/list" "2.2.0"
    "@typed/logic" "2.2.0"
    "@typed/math" "2.2.0"
    "@typed/maybe" "5.0.0"
    "@typed/objects" "2.2.0"
    "@typed/strings" "3.1.0"

"@typed/strings@3.1.0":
  version "3.1.0"
  resolved "https://registry.yarnpkg.com/@typed/strings/-/strings-3.1.0.tgz#4bb20597993637e91ec1319427daa8cfa2d95b1a"
  dependencies:
    "@typed/functions" "2.2.0"
