# THIS IS AN AUTOGENERATED FILE. DO NOT EDIT THIS FILE DIRECTLY.
# yarn lockfile v1


"@most/prelude@^1.6.0":
  version "1.6.4"
  resolved "https://registry.yarnpkg.com/@most/prelude/-/prelude-1.6.4.tgz#254ab6e22c0d4e7cb19e6ec1c966b75f57317f25"

"@typed/core@2.1.0":
  version "2.1.0"
  resolved "https://registry.yarnpkg.com/@typed/core/-/core-2.1.0.tgz#9c0c303bbe83a9979464bd41d8e5e49073cde323"

"@typed/either@3.3.0":
  version "3.3.0"
  resolved "https://registry.yarnpkg.com/@typed/either/-/either-3.3.0.tgz#070b7ed06b26637e9dd1e96f557120d647f4f3c4"
  dependencies:
    "@typed/core" "2.1.0"
    "@typed/functions" "2.3.0"

"@typed/functions@2.3.0":
  version "2.3.0"
  resolved "https://registry.yarnpkg.com/@typed/functions/-/functions-2.3.0.tgz#bca73405c5d320af87a1a405a5ef2643c7c3dd56"
  dependencies:
    "@typed/core" "2.1.0"

"@typed/lenses@2.3.0":
  version "2.3.0"
  resolved "https://registry.yarnpkg.com/@typed/lenses/-/lenses-2.3.0.tgz#cd9161e988c2f0cc48a47916ee523cc4d29ad2a7"
  dependencies:
    "@typed/functions" "2.3.0"
    "@typed/maybe" "6.0.0"

"@typed/list@2.3.0":
  version "2.3.0"
  resolved "https://registry.yarnpkg.com/@typed/list/-/list-2.3.0.tgz#64a3f6073c3f143e307e9e914ea2f25d3307b4b6"
  dependencies:
    "@typed/core" "2.1.0"
    "@typed/functions" "2.3.0"
    "@typed/lenses" "2.3.0"
    "@typed/logic" "2.3.0"
    "@typed/maybe" "6.0.0"

"@typed/logic@2.3.0":
  version "2.3.0"
  resolved "https://registry.yarnpkg.com/@typed/logic/-/logic-2.3.0.tgz#989a213440036f93e8f2944ececa1b616b21ec46"
  dependencies:
    "@typed/either" "3.3.0"
    "@typed/functions" "2.3.0"
    "@typed/maybe" "6.0.0"

"@typed/math@2.3.0":
  version "2.3.0"
  resolved "https://registry.yarnpkg.com/@typed/math/-/math-2.3.0.tgz#af3eccaeec2566d42907053e1f1bda78a4796b47"
  dependencies:
    "@typed/core" "2.1.0"
    "@typed/functions" "2.3.0"
    "@typed/list" "2.3.0"
    "@typed/maybe" "6.0.0"

"@typed/maybe@6.0.0":
  version "6.0.0"
  resolved "https://registry.yarnpkg.com/@typed/maybe/-/maybe-6.0.0.tgz#47a9c4bed6f488e885f67accaea2ca0b60e498db"
  dependencies:
    "@typed/core" "2.1.0"
    "@typed/functions" "2.3.0"

"@typed/objects@2.3.0":
  version "2.3.0"
  resolved "https://registry.yarnpkg.com/@typed/objects/-/objects-2.3.0.tgz#9c2d97e7244af920ff465a475efdddd24d6111a0"
  dependencies:
    "@typed/core" "2.1.0"
    "@typed/functions" "2.3.0"
    "@typed/lenses" "2.3.0"
    "@typed/logic" "2.3.0"
    "@typed/maybe" "6.0.0"

"@typed/prelude@5.0.0":
  version "5.0.0"
  resolved "https://registry.yarnpkg.com/@typed/prelude/-/prelude-5.0.0.tgz#9a4c5784174d5f3a4d47fbf4e3eead9c1bc7818d"
  dependencies:
    "@typed/core" "2.1.0"
    "@typed/either" "3.3.0"
    "@typed/functions" "2.3.0"
    "@typed/lenses" "2.3.0"
    "@typed/list" "2.3.0"
    "@typed/logic" "2.3.0"
    "@typed/math" "2.3.0"
    "@typed/maybe" "6.0.0"
    "@typed/objects" "2.3.0"
    "@typed/strings" "3.2.0"

"@typed/strings@3.2.0":
  version "3.2.0"
  resolved "https://registry.yarnpkg.com/@typed/strings/-/strings-3.2.0.tgz#b57a93513592c4d13e558cc9e1a6474d3f065af2"
  dependencies:
    "@typed/functions" "2.3.0"

mostly-dom@4.3.0:
  version "4.3.0"
  resolved "https://registry.yarnpkg.com/mostly-dom/-/mostly-dom-4.3.0.tgz#6ff3188240923ae4112b68768b7b7d11661d718a"
  dependencies:
    "@most/prelude" "^1.6.0"
