# THIS IS AN AUTOGENERATED FILE. DO NOT EDIT THIS FILE DIRECTLY.
# yarn lockfile v1


"167@0.36.0", "167@^0.36.0":
  version "0.36.0"
  resolved "https://registry.yarnpkg.com/167/-/167-0.36.0.tgz#040850b3b60fda4fe1b6305676bd42dc0ffe3dae"

"@most/core@0.11.2":
  version "0.11.2"
  resolved "https://registry.yarnpkg.com/@most/core/-/core-0.11.2.tgz#6e3615fb4fc5a6a32cd35acb10a513a0e56df150"
  dependencies:
    "@most/disposable" "^0.11.0"
    "@most/prelude" "^1.6.2"
    "@most/scheduler" "^0.11.0"
    "@most/types" "^0.10.0"

"@most/disposable@0.11.0", "@most/disposable@^0.11.0":
  version "0.11.0"
  resolved "https://registry.yarnpkg.com/@most/disposable/-/disposable-0.11.0.tgz#ad9d0d160d932a6881785f363083a44d8400cef5"
  dependencies:
    "@most/prelude" "^1.6.2"
    "@most/types" "^0.10.0"

"@most/prelude@^1.6.0", "@most/prelude@^1.6.2":
  version "1.6.2"
  resolved "https://registry.yarnpkg.com/@most/prelude/-/prelude-1.6.2.tgz#e022db0a3522ea45a427f739570b99f6a6b49162"

"@most/scheduler@0.11.0", "@most/scheduler@^0.11.0":
  version "0.11.0"
  resolved "https://registry.yarnpkg.com/@most/scheduler/-/scheduler-0.11.0.tgz#0f67a0f097c9358e4308931e206c03a30f87faf4"
  dependencies:
    "@most/prelude" "^1.6.2"
    "@most/types" "^0.10.0"

"@most/types@^0.10.0":
  version "0.10.0"
  resolved "https://registry.yarnpkg.com/@most/types/-/types-0.10.0.tgz#5a60b581915349b210a13fed1563e9d06cba287f"

"@motorcycle/dom@12.0.0":
  version "12.0.0"
  resolved "https://registry.yarnpkg.com/@motorcycle/dom/-/dom-12.0.0.tgz#34870ebd8cc67c102335cf023753bdaca4848fc9"
  dependencies:
    "167" "0.36.0"
    "@motorcycle/stream" "1.2.0"
    "@motorcycle/types" "1.2.0"

"@motorcycle/stream@1.2.0":
  version "1.2.0"
  resolved "https://registry.yarnpkg.com/@motorcycle/stream/-/stream-1.2.0.tgz#bd305c0402ef2b3dda51e872c460b1c5ce42ca9b"
  dependencies:
    "167" "0.36.0"
    "@most/core" "0.11.2"
    "@most/disposable" "0.11.0"
    "@most/scheduler" "0.11.0"
    "@motorcycle/types" "1.2.0"

"@motorcycle/test@^1.1.0":
  version "1.1.0"
  resolved "https://registry.yarnpkg.com/@motorcycle/test/-/test-1.1.0.tgz#a76977e3d7fdb811f69c6c1a40f2b7c43e432dc7"
  dependencies:
    "@most/scheduler" "0.11.0"
    "@motorcycle/stream" "1.2.0"
    "@motorcycle/types" "1.2.0"

"@motorcycle/types@1.2.0":
  version "1.2.0"
  resolved "https://registry.yarnpkg.com/@motorcycle/types/-/types-1.2.0.tgz#3b428e29a3dc4a522e11d476fd5881adfa3a5b35"
  dependencies:
    "@most/types" "^0.10.0"

mostly-dom@3.5.0:
  version "3.5.0"
  resolved "https://registry.yarnpkg.com/mostly-dom/-/mostly-dom-3.5.0.tgz#a74a7e5c3d0ec38986d32a941efff3883fa09433"
  dependencies:
    "@most/prelude" "^1.6.0"
