# THIS IS AN AUTOGENERATED FILE. DO NOT EDIT THIS FILE DIRECTLY.
# yarn lockfile v1


"@typed/core@2.1.0":
  version "2.1.0"
  resolved "https://registry.yarnpkg.com/@typed/core/-/core-2.1.0.tgz#9c0c303bbe83a9979464bd41d8e5e49073cde323"

"@typed/either@3.2.0":
  version "3.2.0"
  resolved "https://registry.yarnpkg.com/@typed/either/-/either-3.2.0.tgz#567768db8f2a5ec362fd21773007e986e765eb9b"
  dependencies:
    "@typed/core" "2.1.0"
    "@typed/functions" "2.2.0"

"@typed/functions@2.2.0":
  version "2.2.0"
  resolved "https://registry.yarnpkg.com/@typed/functions/-/functions-2.2.0.tgz#7831c8f2c41a51695b0a119ee26ceb0516bc6734"
  dependencies:
    "@typed/core" "2.1.0"

"@typed/lenses@2.2.0":
  version "2.2.0"
  resolved "https://registry.yarnpkg.com/@typed/lenses/-/lenses-2.2.0.tgz#0d6a9ec97d956f4dd797a9686f7b4bdb569b6af1"
  dependencies:
    "@typed/functions" "2.2.0"
    "@typed/maybe" "5.0.0"

"@typed/list@2.2.0":
  version "2.2.0"
  resolved "https://registry.yarnpkg.com/@typed/list/-/list-2.2.0.tgz#683f389c53808881b477184264b247a869f83bb7"
  dependencies:
    "@typed/core" "2.1.0"
    "@typed/functions" "2.2.0"
    "@typed/lenses" "2.2.0"
    "@typed/logic" "2.2.0"
    "@typed/maybe" "5.0.0"

"@typed/logic@2.2.0":
  version "2.2.0"
  resolved "https://registry.yarnpkg.com/@typed/logic/-/logic-2.2.0.tgz#10f87e1bbab32ff34d15fbb4ed23947c442bae1b"
  dependencies:
    "@typed/either" "3.2.0"
    "@typed/functions" "2.2.0"
    "@typed/maybe" "5.0.0"

"@typed/math@2.2.0":
  version "2.2.0"
  resolved "https://registry.yarnpkg.com/@typed/math/-/math-2.2.0.tgz#746332b7217e10137e5b657f06909350461d3577"
  dependencies:
    "@typed/core" "2.1.0"
    "@typed/functions" "2.2.0"
    "@typed/list" "2.2.0"
    "@typed/maybe" "5.0.0"

"@typed/maybe@5.0.0":
  version "5.0.0"
  resolved "https://registry.yarnpkg.com/@typed/maybe/-/maybe-5.0.0.tgz#381e6801d41ff63a7c1c4e6c5a9c7f7a50e93840"
  dependencies:
    "@typed/core" "2.1.0"
    "@typed/functions" "2.2.0"

"@typed/objects@2.2.0":
  version "2.2.0"
  resolved "https://registry.yarnpkg.com/@typed/objects/-/objects-2.2.0.tgz#cc489563767ef99ea63d617d273d8157db42a943"
  dependencies:
    "@typed/core" "2.1.0"
    "@typed/functions" "2.2.0"
    "@typed/lenses" "2.2.0"
    "@typed/logic" "2.2.0"
    "@typed/maybe" "5.0.0"

"@typed/prelude@4.0.0":
  version "4.0.0"
  resolved "https://registry.yarnpkg.com/@typed/prelude/-/prelude-4.0.0.tgz#68f8ad5418d5c4c737b2fabcce9df343fc9d2bed"
  dependencies:
    "@typed/core" "2.1.0"
    "@typed/either" "3.2.0"
    "@typed/functions" "2.2.0"
    "@typed/lenses" "2.2.0"
    "@typed/list" "2.2.0"
    "@typed/logic" "2.2.0"
    "@typed/math" "2.2.0"
    "@typed/maybe" "5.0.0"
    "@typed/objects" "2.2.0"
    "@typed/strings" "3.1.0"

"@typed/strings@3.1.0":
  version "3.1.0"
  resolved "https://registry.yarnpkg.com/@typed/strings/-/strings-3.1.0.tgz#4bb20597993637e91ec1319427daa8cfa2d95b1a"
  dependencies:
    "@typed/functions" "2.2.0"

mostly-dom@5.0.0:
  version "5.0.0"
  resolved "https://registry.yarnpkg.com/mostly-dom/-/mostly-dom-5.0.0.tgz#818be849e80655275d59d97d87dd0bd439076ced"
