# THIS IS AN AUTOGENERATED FILE. DO NOT EDIT THIS FILE DIRECTLY.
# yarn lockfile v1


"167@0.36.0":
  version "0.36.0"
  resolved "https://registry.yarnpkg.com/167/-/167-0.36.0.tgz#040850b3b60fda4fe1b6305676bd42dc0ffe3dae"

"167@0.42.0":
  version "0.42.0"
  resolved "https://registry.yarnpkg.com/167/-/167-0.42.0.tgz#872a7348b46215e70fd6a6a6f8a19745a379cdde"

"167@^0.30.0":
  version "0.30.0"
  resolved "https://registry.yarnpkg.com/167/-/167-0.30.0.tgz#8e571e64851bebe8dced5723b48a07ab297b5b9b"

"@most/core@0.13.0":
  version "0.13.0"
  resolved "https://registry.yarnpkg.com/@most/core/-/core-0.13.0.tgz#ff1e7e08478514655230db6a1dbb8aca0fdcf882"
  dependencies:
    "@most/disposable" "^0.13.0"
    "@most/prelude" "^1.6.4"
    "@most/scheduler" "^0.13.0"
    "@most/types" "^0.11.1"

"@most/disposable@0.13.0", "@most/disposable@^0.13.0":
  version "0.13.0"
  resolved "https://registry.yarnpkg.com/@most/disposable/-/disposable-0.13.0.tgz#6007df024b29a07a7b171e4ee7edf736038ea5f5"
  dependencies:
    "@most/prelude" "^1.6.4"
    "@most/types" "^0.11.1"

"@most/prelude@1.6.4", "@most/prelude@^1.6.4":
  version "1.6.4"
  resolved "https://registry.yarnpkg.com/@most/prelude/-/prelude-1.6.4.tgz#254ab6e22c0d4e7cb19e6ec1c966b75f57317f25"

"@most/scheduler@0.13.0", "@most/scheduler@^0.13.0":
  version "0.13.0"
  resolved "https://registry.yarnpkg.com/@most/scheduler/-/scheduler-0.13.0.tgz#d76f0713ed04df4c7c9250c16a9c966e89cd6248"
  dependencies:
    "@most/prelude" "^1.6.4"
    "@most/types" "^0.11.1"

"@most/types@0.11.1", "@most/types@^0.11.1":
  version "0.11.1"
  resolved "https://registry.yarnpkg.com/@most/types/-/types-0.11.1.tgz#5e305e0e346c5b01f1ebdeec4c1dfa5b189b5f9d"

"@motorcycle/types@2.1.0":
  version "2.1.0"
  resolved "https://registry.yarnpkg.com/@motorcycle/types/-/types-2.1.0.tgz#0af595e60bf21bbe55953a04d3801d6223cb66cc"
  dependencies:
    "@most/types" "0.11.1"

"@typed/assertions@1.1.0":
  version "1.1.0"
  resolved "https://registry.yarnpkg.com/@typed/assertions/-/assertions-1.1.0.tgz#6428276e542b213356b82da3152ee4dd5d7ec22c"
  dependencies:
    "167" "0.36.0"
    assertion-error-diff "^1.0.0"

assertion-error-diff@^1.0.0:
  version "1.0.0"
  resolved "https://registry.yarnpkg.com/assertion-error-diff/-/assertion-error-diff-1.0.0.tgz#5462fe1ff70849bfec25d108aecee5d95b86d8e5"
  dependencies:
    "167" "^0.30.0"
    typed-colors "^1.0.0"
    typed-figures "^1.0.0"

typed-colors@^1.0.0:
  version "1.0.0"
  resolved "https://registry.yarnpkg.com/typed-colors/-/typed-colors-1.0.0.tgz#a86fb57183ea8d955d811aec0e100f565e48bbb9"

typed-figures@^1.0.0:
  version "1.0.0"
  resolved "https://registry.yarnpkg.com/typed-figures/-/typed-figures-1.0.0.tgz#898932b2797b59532cfdf03f23ec2e2dc136126a"
